
Microsoft Visual Studio Solution File, Format Version 11.00
# Visual Studio 2010
Project("{2150E333-8FDC-42A3-9474-1A3956D46DE8}") = "通用的文件 CommonFiles", "通用的文件 CommonFiles", "{FCE7CC55-00CD-413B-A8B6-30B263F56526}"
	ProjectSection(SolutionItems) = preProject
		AssemblyInfoCommon.cs = AssemblyInfoCommon.cs
	EndProjectSection
EndProject
Project("{FAE04EC0-301F-11D3-BF4B-00C04F79EFBC}") = "Csq.Commons.CoreLib", "Csq.Commons.CoreLib\Csq.Commons.CoreLib.csproj", "{1F124519-69F7-4C71-A338-88C6D10B4EB3}"
EndProject
Global
	GlobalSection(SolutionConfigurationPlatforms) = preSolution
		Debug|Any CPU = Debug|Any CPU
		Release|Any CPU = Release|Any CPU
	EndGlobalSection
	GlobalSection(ProjectConfigurationPlatforms) = postSolution
		{1F124519-69F7-4C71-A338-88C6D10B4EB3}.Debug|Any CPU.ActiveCfg = Debug|Any CPU
		{1F124519-69F7-4C71-A338-88C6D10B4EB3}.Debug|Any CPU.Build.0 = Debug|Any CPU
		{1F124519-69F7-4C71-A338-88C6D10B4EB3}.Release|Any CPU.ActiveCfg = Release|Any CPU
		{1F124519-69F7-4C71-A338-88C6D10B4EB3}.Release|Any CPU.Build.0 = Release|Any CPU
	EndGlobalSection
	GlobalSection(SolutionProperties) = preSolution
		HideSolutionNode = FALSE
	EndGlobalSection
EndGlobal
