
Microsoft Visual Studio Solution File, Format Version 11.00
# Visual Studio 2010
Project("{2150E333-8FDC-42A3-9474-1A3956D46DE8}") = "智联卓聘 Highpin.cn", "智联卓聘 Highpin.cn", "{99BEFA84-4F29-4068-BAE9-A3E72973FD03}"
	ProjectSection(SolutionItems) = preProject
		Zp\AssemblyInfoCommon.cs = Zp\AssemblyInfoCommon.cs
		README.txt = README.txt
	EndProjectSection
EndProject
Project("{FAE04EC0-301F-11D3-BF4B-00C04F79EFBC}") = "ZpConfigure", "ZpConfigure\ZpConfigure.csproj", "{BD9AE890-337E-47A6-9025-C28D2B241FFD}"
EndProject
Project("{FAE04EC0-301F-11D3-BF4B-00C04F79EFBC}") = "ZpOperations", "ZpOperations\ZpOperations.csproj", "{304264EC-7E00-456A-AE18-A6EF7DE303CC}"
EndProject
Project("{FAE04EC0-301F-11D3-BF4B-00C04F79EFBC}") = "ZpWebservice", "ZpWebservice\ZpWebservice.csproj", "{1D582CF7-7522-4932-80EA-62B5AE09EA8B}"
EndProject
Project("{FAE04EC0-301F-11D3-BF4B-00C04F79EFBC}") = "ZpDemo", "ZpDemo\ZpDemo.csproj", "{C246AFDC-6849-45CB-B638-8CD0F946A7F6}"
EndProject
Global
	GlobalSection(SolutionConfigurationPlatforms) = preSolution
		Debug|Any CPU = Debug|Any CPU
		Debug|Mixed Platforms = Debug|Mixed Platforms
		Debug|x86 = Debug|x86
		Release|Any CPU = Release|Any CPU
		Release|Mixed Platforms = Release|Mixed Platforms
		Release|x86 = Release|x86
	EndGlobalSection
	GlobalSection(ProjectConfigurationPlatforms) = postSolution
		{BD9AE890-337E-47A6-9025-C28D2B241FFD}.Debug|Any CPU.ActiveCfg = Debug|Any CPU
		{BD9AE890-337E-47A6-9025-C28D2B241FFD}.Debug|Any CPU.Build.0 = Debug|Any CPU
		{BD9AE890-337E-47A6-9025-C28D2B241FFD}.Debug|Mixed Platforms.ActiveCfg = Debug|Any CPU
		{BD9AE890-337E-47A6-9025-C28D2B241FFD}.Debug|Mixed Platforms.Build.0 = Debug|Any CPU
		{BD9AE890-337E-47A6-9025-C28D2B241FFD}.Debug|x86.ActiveCfg = Debug|Any CPU
		{BD9AE890-337E-47A6-9025-C28D2B241FFD}.Release|Any CPU.ActiveCfg = Release|Any CPU
		{BD9AE890-337E-47A6-9025-C28D2B241FFD}.Release|Any CPU.Build.0 = Release|Any CPU
		{BD9AE890-337E-47A6-9025-C28D2B241FFD}.Release|Mixed Platforms.ActiveCfg = Release|Any CPU
		{BD9AE890-337E-47A6-9025-C28D2B241FFD}.Release|Mixed Platforms.Build.0 = Release|Any CPU
		{BD9AE890-337E-47A6-9025-C28D2B241FFD}.Release|x86.ActiveCfg = Release|Any CPU
		{304264EC-7E00-456A-AE18-A6EF7DE303CC}.Debug|Any CPU.ActiveCfg = Debug|Any CPU
		{304264EC-7E00-456A-AE18-A6EF7DE303CC}.Debug|Any CPU.Build.0 = Debug|Any CPU
		{304264EC-7E00-456A-AE18-A6EF7DE303CC}.Debug|Mixed Platforms.ActiveCfg = Debug|Any CPU
		{304264EC-7E00-456A-AE18-A6EF7DE303CC}.Debug|Mixed Platforms.Build.0 = Debug|Any CPU
		{304264EC-7E00-456A-AE18-A6EF7DE303CC}.Debug|x86.ActiveCfg = Debug|Any CPU
		{304264EC-7E00-456A-AE18-A6EF7DE303CC}.Release|Any CPU.ActiveCfg = Release|Any CPU
		{304264EC-7E00-456A-AE18-A6EF7DE303CC}.Release|Any CPU.Build.0 = Release|Any CPU
		{304264EC-7E00-456A-AE18-A6EF7DE303CC}.Release|Mixed Platforms.ActiveCfg = Release|Any CPU
		{304264EC-7E00-456A-AE18-A6EF7DE303CC}.Release|Mixed Platforms.Build.0 = Release|Any CPU
		{304264EC-7E00-456A-AE18-A6EF7DE303CC}.Release|x86.ActiveCfg = Release|Any CPU
		{1D582CF7-7522-4932-80EA-62B5AE09EA8B}.Debug|Any CPU.ActiveCfg = Debug|Any CPU
		{1D582CF7-7522-4932-80EA-62B5AE09EA8B}.Debug|Any CPU.Build.0 = Debug|Any CPU
		{1D582CF7-7522-4932-80EA-62B5AE09EA8B}.Debug|Mixed Platforms.ActiveCfg = Debug|Any CPU
		{1D582CF7-7522-4932-80EA-62B5AE09EA8B}.Debug|Mixed Platforms.Build.0 = Debug|Any CPU
		{1D582CF7-7522-4932-80EA-62B5AE09EA8B}.Debug|x86.ActiveCfg = Debug|Any CPU
		{1D582CF7-7522-4932-80EA-62B5AE09EA8B}.Release|Any CPU.ActiveCfg = Release|Any CPU
		{1D582CF7-7522-4932-80EA-62B5AE09EA8B}.Release|Any CPU.Build.0 = Release|Any CPU
		{1D582CF7-7522-4932-80EA-62B5AE09EA8B}.Release|Mixed Platforms.ActiveCfg = Release|Any CPU
		{1D582CF7-7522-4932-80EA-62B5AE09EA8B}.Release|Mixed Platforms.Build.0 = Release|Any CPU
		{1D582CF7-7522-4932-80EA-62B5AE09EA8B}.Release|x86.ActiveCfg = Release|Any CPU
		{C246AFDC-6849-45CB-B638-8CD0F946A7F6}.Debug|Any CPU.ActiveCfg = Debug|x86
		{C246AFDC-6849-45CB-B638-8CD0F946A7F6}.Debug|Mixed Platforms.ActiveCfg = Debug|x86
		{C246AFDC-6849-45CB-B638-8CD0F946A7F6}.Debug|Mixed Platforms.Build.0 = Debug|x86
		{C246AFDC-6849-45CB-B638-8CD0F946A7F6}.Debug|x86.ActiveCfg = Debug|x86
		{C246AFDC-6849-45CB-B638-8CD0F946A7F6}.Debug|x86.Build.0 = Debug|x86
		{C246AFDC-6849-45CB-B638-8CD0F946A7F6}.Release|Any CPU.ActiveCfg = Release|x86
		{C246AFDC-6849-45CB-B638-8CD0F946A7F6}.Release|Mixed Platforms.ActiveCfg = Release|x86
		{C246AFDC-6849-45CB-B638-8CD0F946A7F6}.Release|Mixed Platforms.Build.0 = Release|x86
		{C246AFDC-6849-45CB-B638-8CD0F946A7F6}.Release|x86.ActiveCfg = Release|x86
		{C246AFDC-6849-45CB-B638-8CD0F946A7F6}.Release|x86.Build.0 = Release|x86
	EndGlobalSection
	GlobalSection(SolutionProperties) = preSolution
		HideSolutionNode = FALSE
	EndGlobalSection
	GlobalSection(NestedProjects) = preSolution
		{BD9AE890-337E-47A6-9025-C28D2B241FFD} = {99BEFA84-4F29-4068-BAE9-A3E72973FD03}
		{304264EC-7E00-456A-AE18-A6EF7DE303CC} = {99BEFA84-4F29-4068-BAE9-A3E72973FD03}
		{1D582CF7-7522-4932-80EA-62B5AE09EA8B} = {99BEFA84-4F29-4068-BAE9-A3E72973FD03}
		{C246AFDC-6849-45CB-B638-8CD0F946A7F6} = {99BEFA84-4F29-4068-BAE9-A3E72973FD03}
	EndGlobalSection
EndGlobal
